
Microsoft Visual Studio Solution File, Format Version 12.00
# Visual Studio Version 17
VisualStudioVersion = 17.13.35507.96 d17.13
MinimumVisualStudioVersion = 10.0.40219.1
Project("{FAE04EC0-301F-11D3-BF4B-00C04F79EFBC}") = "zenra-finance-back", "zenra-finance-back\zenra-finance-back.csproj", "{6EA8D85C-5ED3-49E3-B900-A4F0D314A72C}"
EndProject
Global
	GlobalSection(SolutionConfigurationPlatforms) = preSolution
		Debug|Any CPU = Debug|Any CPU
		Release|Any CPU = Release|Any CPU
	EndGlobalSection
	GlobalSection(ProjectConfigurationPlatforms) = postSolution
		{6EA8D85C-5ED3-49E3-B900-A4F0D314A72C}.Debug|Any CPU.ActiveCfg = Debug|Any CPU
		{6EA8D85C-5ED3-49E3-B900-A4F0D314A72C}.Debug|Any CPU.Build.0 = Debug|Any CPU
		{6EA8D85C-5ED3-49E3-B900-A4F0D314A72C}.Release|Any CPU.ActiveCfg = Release|Any CPU
		{6EA8D85C-5ED3-49E3-B900-A4F0D314A72C}.Release|Any CPU.Build.0 = Release|Any CPU
	EndGlobalSection
	GlobalSection(SolutionProperties) = preSolution
		HideSolutionNode = FALSE
	EndGlobalSection
	GlobalSection(ExtensibilityGlobals) = postSolution
		SolutionGuid = {6CD28A11-4B4A-4568-A146-CE9570AF5E7C}
	EndGlobalSection
EndGlobal
